
Microsoft Visual Studio Solution File, Format Version 12.00
# Visual Studio Version 17
VisualStudioVersion = 17.4.33205.214
MinimumVisualStudioVersion = 10.0.40219.1
Project("{FAE04EC0-301F-11D3-BF4B-00C04F79EFBC}") = "tibuleac_bogdan_3131a_l5", "tibuleac_bogdan_3131a_l5.csproj", "{47E25C1B-65FF-45B7-B58B-B03605F70B64}"
EndProject
Global
	GlobalSection(SolutionConfigurationPlatforms) = preSolution
		Debug|Any CPU = Debug|Any CPU
		Release|Any CPU = Release|Any CPU
	EndGlobalSection
	GlobalSection(ProjectConfigurationPlatforms) = postSolution
		{47E25C1B-65FF-45B7-B58B-B03605F70B64}.Debug|Any CPU.ActiveCfg = Debug|Any CPU
		{47E25C1B-65FF-45B7-B58B-B03605F70B64}.Debug|Any CPU.Build.0 = Debug|Any CPU
		{47E25C1B-65FF-45B7-B58B-B03605F70B64}.Release|Any CPU.ActiveCfg = Release|Any CPU
		{47E25C1B-65FF-45B7-B58B-B03605F70B64}.Release|Any CPU.Build.0 = Release|Any CPU
	EndGlobalSection
	GlobalSection(SolutionProperties) = preSolution
		HideSolutionNode = FALSE
	EndGlobalSection
	GlobalSection(ExtensibilityGlobals) = postSolution
		SolutionGuid = {36768C1F-2E99-4C40-A783-3E104916B3B8}
	EndGlobalSection
EndGlobal
